
Microsoft Visual Studio Solution File, Format Version 12.00
# Visual Studio 15
VisualStudioVersion = 15.0.27703.2026
MinimumVisualStudioVersion = 10.0.40219.1
Project("{FAE04EC0-301F-11D3-BF4B-00C04F79EFBC}") = "Ch4-P9-NullableTypes", "Ch4-P9-NullableTypes\Ch4-P9-NullableTypes.csproj", "{B48EC9C5-9334-4301-BFB9-E4FFD785F69A}"
EndProject
Global
	GlobalSection(SolutionConfigurationPlatforms) = preSolution
		Debug|Any CPU = Debug|Any CPU
		Release|Any CPU = Release|Any CPU
	EndGlobalSection
	GlobalSection(ProjectConfigurationPlatforms) = postSolution
		{B48EC9C5-9334-4301-BFB9-E4FFD785F69A}.Debug|Any CPU.ActiveCfg = Debug|Any CPU
		{B48EC9C5-9334-4301-BFB9-E4FFD785F69A}.Debug|Any CPU.Build.0 = Debug|Any CPU
		{B48EC9C5-9334-4301-BFB9-E4FFD785F69A}.Release|Any CPU.ActiveCfg = Release|Any CPU
		{B48EC9C5-9334-4301-BFB9-E4FFD785F69A}.Release|Any CPU.Build.0 = Release|Any CPU
	EndGlobalSection
	GlobalSection(SolutionProperties) = preSolution
		HideSolutionNode = FALSE
	EndGlobalSection
	GlobalSection(ExtensibilityGlobals) = postSolution
		SolutionGuid = {6111E43A-A526-40F9-A504-5DA255CA487A}
	EndGlobalSection
EndGlobal
